// !$*UTF8*$!
{
	archiveVersion = 1;
	classes = {
	};
	objectVersion = 50;
	objects = {

/* Begin PBXBuildFile section */
		798B269323E94CD0006B7CC4 /* AppDelegate.swift in Sources */ = {isa = PBXBuildFile; fileRef = 798B269223E94CD0006B7CC4 /* AppDelegate.swift */; };
		798B269523E94CD0006B7CC4 /* SceneDelegate.swift in Sources */ = {isa = PBXBuildFile; fileRef = 798B269423E94CD0006B7CC4 /* SceneDelegate.swift */; };
		798B269723E94CD0006B7CC4 /* ViewController.swift in Sources */ = {isa = PBXBuildFile; fileRef = 798B269623E94CD0006B7CC4 /* ViewController.swift */; };
		798B269C23E94CD2006B7CC4 /* Assets.xcassets in Resources */ = {isa = PBXBuildFile; fileRef = 798B269B23E94CD2006B7CC4 /* Assets.xcassets */; };
		798B269F23E94CD2006B7CC4 /* LaunchScreen.storyboard in Resources */ = {isa = PBXBuildFile; fileRef = 798B269D23E94CD2006B7CC4 /* LaunchScreen.storyboard */; };
		798B26A723E94CF9006B7CC4 /* Sound and Vision in Resources */ = {isa = PBXBuildFile; fileRef = 798B26A623E94CF9006B7CC4 /* Sound and Vision */; };
		798B26AC23E96E77006B7CC4 /* AVFoundation.framework in Frameworks */ = {isa = PBXBuildFile; fileRef = 798B26AB23E96E77006B7CC4 /* AVFoundation.framework */; };
/* End PBXBuildFile section */

/* Begin PBXFileReference section */
		798B268F23E94CD0006B7CC4 /* PS2.3.app */ = {isa = PBXFileReference; explicitFileType = wrapper.application; includeInIndex = 0; path = PS2.3.app; sourceTree = BUILT_PRODUCTS_DIR; };
		798B269223E94CD0006B7CC4 /* AppDelegate.swift */ = {isa = PBXFileReference; lastKnownFileType = sourcecode.swift; path = AppDelegate.swift; sourceTree = "<group>"; };
		798B269423E94CD0006B7CC4 /* SceneDelegate.swift */ = {isa = PBXFileReference; lastKnownFileType = sourcecode.swift; path = SceneDelegate.swift; sourceTree = "<group>"; };
		798B269623E94CD0006B7CC4 /* ViewController.swift */ = {isa = PBXFileReference; lastKnownFileType = sourcecode.swift; path = ViewController.swift; sourceTree = "<group>"; };
		798B269B23E94CD2006B7CC4 /* Assets.xcassets */ = {isa = PBXFileReference; lastKnownFileType = folder.assetcatalog; path = Assets.xcassets; sourceTree = "<group>"; };
		798B269E23E94CD2006B7CC4 /* Base */ = {isa = PBXFileReference; lastKnownFileType = file.storyboard; name = Base; path = Base.lproj/LaunchScreen.storyboard; sourceTree = "<group>"; };
		798B26A023E94CD2006B7CC4 /* Info.plist */ = {isa = PBXFileReference; lastKnownFileType = text.plist.xml; path = Info.plist; sourceTree = "<group>"; };
		798B26A623E94CF9006B7CC4 /* Sound and Vision */ = {isa = PBXFileReference; lastKnownFileType = folder; name = "Sound and Vision"; path = ../..; sourceTree = "<group>"; };
		798B26AB23E96E77006B7CC4 /* AVFoundation.framework */ = {isa = PBXFileReference; lastKnownFileType = wrapper.framework; name = AVFoundation.framework; path = System/Library/Frameworks/AVFoundation.framework; sourceTree = SDKROOT; };
/* End PBXFileReference section */

/* Begin PBXFrameworksBuildPhase section */
		798B268C23E94CD0006B7CC4 /* Frameworks */ = {
			isa = PBXFrameworksBuildPhase;
			buildActionMask = 2147483647;
			files = (
				798B26AC23E96E77006B7CC4 /* AVFoundation.framework in Frameworks */,
			);
			runOnlyForDeploymentPostprocessing = 0;
		};
/* End PBXFrameworksBuildPhase section */

/* Begin PBXGroup section */
		798B268623E94CD0006B7CC4 = {
			isa = PBXGroup;
			children = (
				798B269123E94CD0006B7CC4 /* PS2.3 */,
				798B269023E94CD0006B7CC4 /* Products */,
				798B26AA23E96E76006B7CC4 /* Frameworks */,
			);
			sourceTree = "<group>";
		};
		798B269023E94CD0006B7CC4 /* Products */ = {
			isa = PBXGroup;
			children = (
				798B268F23E94CD0006B7CC4 /* PS2.3.app */,
			);
			name = Products;
			sourceTree = "<group>";
		};
		798B269123E94CD0006B7CC4 /* PS2.3 */ = {
			isa = PBXGroup;
			children = (
				798B269223E94CD0006B7CC4 /* AppDelegate.swift */,
				798B269423E94CD0006B7CC4 /* SceneDelegate.swift */,
				798B269623E94CD0006B7CC4 /* ViewController.swift */,
				798B269B23E94CD2006B7CC4 /* Assets.xcassets */,
				798B269D23E94CD2006B7CC4 /* LaunchScreen.storyboard */,
				798B26A623E94CF9006B7CC4 /* Sound and Vision */,
				798B26A023E94CD2006B7CC4 /* Info.plist */,
			);
			path = PS2.3;
			sourceTree = "<group>";
		};
		798B26AA23E96E76006B7CC4 /* Frameworks */ = {
			isa = PBXGroup;
			children = (
				798B26AB23E96E77006B7CC4 /* AVFoundation.framework */,
			);
			name = Frameworks;
			sourceTree = "<group>";
		};
/* End PBXGroup section */

/* Begin PBXNativeTarget section */
		798B268E23E94CD0006B7CC4 /* PS2.3 */ = {
			isa = PBXNativeTarget;
			buildConfigurationList = 798B26A323E94CD2006B7CC4 /* Build configuration list for PBXNativeTarget "PS2.3" */;
			buildPhases = (
				798B268B23E94CD0006B7CC4 /* Sources */,
				798B268C23E94CD0006B7CC4 /* Frameworks */,
				798B268D23E94CD0006B7CC4 /* Resources */,
			);
			buildRules = (
			);
			dependencies = (
			);
			name = PS2.3;
			productName = PS2.3;
			productReference = 798B268F23E94CD0006B7CC4 /* PS2.3.app */;
			productType = "com.apple.product-type.application";
		};
/* End PBXNativeTarget section */

/* Begin PBXProject section */
		798B268723E94CD0006B7CC4 /* Project object */ = {
			isa = PBXProject;
			attributes = {
				LastSwiftUpdateCheck = 1130;
				LastUpgradeCheck = 1130;
				ORGANIZATIONNAME = "Mateo Larrea Ferro";
				TargetAttributes = {
					798B268E23E94CD0006B7CC4 = {
						CreatedOnToolsVersion = 11.3.1;
					};
				};
			};
			buildConfigurationList = 798B268A23E94CD0006B7CC4 /* Build configuration list for PBXProject "PS2.3" */;
			compatibilityVersion = "Xcode 9.3";
			developmentRegion = en;
			hasScannedForEncodings = 0;
			knownRegions = (
				en,
				Base,
			);
			mainGroup = 798B268623E94CD0006B7CC4;
			productRefGroup = 798B269023E94CD0006B7CC4 /* Products */;
			projectDirPath = "";
			projectRoot = "";
			targets = (
				798B268E23E94CD0006B7CC4 /* PS2.3 */,
			);
		};
/* End PBXProject section */

/* Begin PBXResourcesBuildPhase section */
		798B268D23E94CD0006B7CC4 /* Resources */ = {
			isa = PBXResourcesBuildPhase;
			buildActionMask = 2147483647;
			files = (
				798B26A723E94CF9006B7CC4 /* Sound and Vision in Resources */,
				798B269F23E94CD2006B7CC4 /* LaunchScreen.storyboard in Resources */,
				798B269C23E94CD2006B7CC4 /* Assets.xcassets in Resources */,
			);
			runOnlyForDeploymentPostprocessing = 0;
		};
/* End PBXResourcesBuildPhase section */

/* Begin PBXSourcesBuildPhase section */
		798B268B23E94CD0006B7CC4 /* Sources */ = {
			isa = PBXSourcesBuildPhase;
			buildActionMask = 2147483647;
			files = (
				798B269723E94CD0006B7CC4 /* ViewController.swift in Sources */,
				798B269323E94CD0006B7CC4 /* AppDelegate.swift in Sources */,
				798B269523E94CD0006B7CC4 /* SceneDelegate.swift in Sources */,
			);
			runOnlyForDeploymentPostprocessing = 0;
		};
/* End PBXSourcesBuildPhase section */

/* Begin PBXVariantGroup section */
		798B269D23E94CD2006B7CC4 /* LaunchScreen.storyboard */ = {
			isa = PBXVariantGroup;
			children = (
				798B269E23E94CD2006B7CC4 /* Base */,
			);
			name = LaunchScreen.storyboard;
			sourceTree = "<group>";
		};
/* End PBXVariantGroup section */

/* Begin XCBuildConfiguration section */
		798B26A123E94CD2006B7CC4 /* Debug */ = {
			isa = XCBuildConfiguration;
			buildSettings = {
				ALWAYS_SEARCH_USER_PATHS = NO;
				CLANG_ANALYZER_NONNULL = YES;
				CLANG_ANALYZER_NUMBER_OBJECT_CONVERSION = YES_AGGRESSIVE;
				CLANG_CXX_LANGUAGE_STANDARD = "gnu++14";
				CLANG_CXX_LIBRARY = "libc++";
				CLANG_ENABLE_MODULES = YES;
				CLANG_ENABLE_OBJC_ARC = YES;
				CLANG_ENABLE_OBJC_WEAK = YES;
				CLANG_WARN_BLOCK_CAPTURE_AUTORELEASING = YES;
				CLANG_WARN_BOOL_CONVERSION = YES;
				CLANG_WARN_COMMA = YES;
				CLANG_WARN_CONSTANT_CONVERSION = YES;
				CLANG_WARN_DEPRECATED_OBJC_IMPLEMENTATIONS = YES;
				CLANG_WARN_DIRECT_OBJC_ISA_USAGE = YES_ERROR;
				CLANG_WARN_DOCUMENTATION_COMMENTS = YES;
				CLANG_WARN_EMPTY_BODY = YES;
				CLANG_WARN_ENUM_CONVERSION = YES;
				CLANG_WARN_INFINITE_RECURSION = YES;
				CLANG_WARN_INT_CONVERSION = YES;
				CLANG_WARN_NON_LITERAL_NULL_CONVERSION = YES;
				CLANG_WARN_OBJC_IMPLICIT_RETAIN_SELF = YES;
				CLANG_WARN_OBJC_LITERAL_CONVERSION = YES;
				CLANG_WARN_OBJC_ROOT_CLASS = YES_ERROR;
				CLANG_WARN_RANGE_LOOP_ANALYSIS = YES;
				CLANG_WARN_STRICT_PROTOTYPES = YES;
				CLANG_WARN_SUSPICIOUS_MOVE = YES;
				CLANG_WARN_UNGUARDED_AVAILABILITY = YES_AGGRESSIVE;
				CLANG_WARN_UNREACHABLE_CODE = YES;
				CLANG_WARN__DUPLICATE_METHOD_MATCH = YES;
				COPY_PHASE_STRIP = NO;
				DEBUG_INFORMATION_FORMAT = dwarf;
				ENABLE_STRICT_OBJC_MSGSEND = YES;
				ENABLE_TESTABILITY = YES;
				GCC_C_LANGUAGE_STANDARD = gnu11;
				GCC_DYNAMIC_NO_PIC = NO;
				GCC_NO_COMMON_BLOCKS = YES;
				GCC_OPTIMIZATION_LEVEL = 0;
				GCC_PREPROCESSOR_DEFINITIONS = (
					"DEBUG=1",
					"$(inherited)",
				);
				GCC_WARN_64_TO_32_BIT_CONVERSION = YES;
				GCC_WARN_ABOUT_RETURN_TYPE = YES_ERROR;
				GCC_WARN_UNDECLARED_SELECTOR = YES;
				GCC_WARN_UNINITIALIZED_AUTOS = YES_AGGRESSIVE;
				GCC_WARN_UNUSED_FUNCTION = YES;
				GCC_WARN_UNUSED_VARIABLE = YES;
				IPHONEOS_DEPLOYMENT_TARGET = 13.2;
				MTL_ENABLE_DEBUG_INFO = INCLUDE_SOURCE;
				MTL_FAST_MATH = YES;
				ONLY_ACTIVE_ARCH = YES;
				SDKROOT = iphoneos;
				SWIFT_ACTIVE_COMPILATION_CONDITIONS = DEBUG;
				SWIFT_OPTIMIZATION_LEVEL = "-Onone";
			};
			name = Debug;
		};
		798B26A223E94CD2006B7CC4 /* Release */ = {
			isa = XCBuildConfiguration;
			buildSettings = {
				ALWAYS_SEARCH_USER_PATHS = NO;
				CLANG_ANALYZER_NONNULL = YES;
				CLANG_ANALYZER_NUMBER_OBJECT_CONVERSION = YES_AGGRESSIVE;
				CLANG_CXX_LANGUAGE_STANDARD = "gnu++14";
				CLANG_CXX_LIBRARY = "libc++";
				CLANG_ENABLE_MODULES = YES;
				CLANG_ENABLE_OBJC_ARC = YES;
				CLANG_ENABLE_OBJC_WEAK = YES;
				CLANG_WARN_BLOCK_CAPTURE_AUTORELEASING = YES;
				CLANG_WARN_BOOL_CONVERSION = YES;
				CLANG_WARN_COMMA = YES;
				CLANG_WARN_CONSTANT_CONVERSION = YES;
				CLANG_WARN_DEPRECATED_OBJC_IMPLEMENTATIONS = YES;
				CLANG_WARN_DIRECT_OBJC_ISA_USAGE = YES_ERROR;
				CLANG_WARN_DOCUMENTATION_COMMENTS = YES;
				CLANG_WARN_EMPTY_BODY = YES;
				CLANG_WARN_ENUM_CONVERSION = YES;
				CLANG_WARN_INFINITE_RECURSION = YES;
				CLANG_WARN_INT_CONVERSION = YES;
				CLANG_WARN_NON_LITERAL_NULL_CONVERSION = YES;
				CLANG_WARN_OBJC_IMPLICIT_RETAIN_SELF = YES;
				CLANG_WARN_OBJC_LITERAL_CONVERSION = YES;
				CLANG_WARN_OBJC_ROOT_CLASS = YES_ERROR;
				CLANG_WARN_RANGE_LOOP_ANALYSIS = YES;
				CLANG_WARN_STRICT_PROTOTYPES = YES;
				CLANG_WARN_SUSPICIOUS_MOVE = YES;
				CLANG_WARN_UNGUARDED_AVAILABILITY = YES_AGGRESSIVE;
				CLANG_WARN_UNREACHABLE_CODE = YES;
				CLANG_WARN__DUPLICATE_METHOD_MATCH = YES;
				COPY_PHASE_STRIP = NO;
				DEBUG_INFORMATION_FORMAT = "dwarf-with-dsym";
				ENABLE_NS_ASSERTIONS = NO;
				ENABLE_STRICT_OBJC_MSGSEND = YES;
				GCC_C_LANGUAGE_STANDARD = gnu11;
				GCC_NO_COMMON_BLOCKS = YES;
				GCC_WARN_64_TO_32_BIT_CONVERSION = YES;
				GCC_WARN_ABOUT_RETURN_TYPE = YES_ERROR;
				GCC_WARN_UNDECLARED_SELECTOR = YES;
				GCC_WARN_UNINITIALIZED_AUTOS = YES_AGGRESSIVE;
				GCC_WARN_UNUSED_FUNCTION = YES;
				GCC_WARN_UNUSED_VARIABLE = YES;
				IPHONEOS_DEPLOYMENT_TARGET = 13.2;
				MTL_ENABLE_DEBUG_INFO = NO;
				MTL_FAST_MATH = YES;
				SDKROOT = iphoneos;
				SWIFT_COMPILATION_MODE = wholemodule;
				SWIFT_OPTIMIZATION_LEVEL = "-O";
				VALIDATE_PRODUCT = YES;
			};
			name = Release;
		};
		798B26A423E94CD2006B7CC4 /* Debug */ = {
			isa = XCBuildConfiguration;
			buildSettings = {
				ASSETCATALOG_COMPILER_APPICON_NAME = AppIcon;
				CODE_SIGN_STYLE = Automatic;
				DEVELOPMENT_TEAM = GP4A794S32;
				INFOPLIST_FILE = PS2.3/Info.plist;
				LD_RUNPATH_SEARCH_PATHS = (
					"$(inherited)",
					"@executable_path/Frameworks",
				);
				PRODUCT_BUNDLE_IDENTIFIER = "edu.berklee-aerralm.PS2-3";
				PRODUCT_NAME = "$(TARGET_NAME)";
				SWIFT_VERSION = 5.0;
				TARGETED_DEVICE_FAMILY = "1,2";
			};
			name = Debug;
		};
		798B26A523E94CD2006B7CC4 /* Release */ = {
			isa = XCBuildConfiguration;
			buildSettings = {
				ASSETCATALOG_COMPILER_APPICON_NAME = AppIcon;
				CODE_SIGN_STYLE = Automatic;
				DEVELOPMENT_TEAM = GP4A794S32;
				INFOPLIST_FILE = PS2.3/Info.plist;
				LD_RUNPATH_SEARCH_PATHS = (
					"$(inherited)",
					"@executable_path/Frameworks",
				);
				PRODUCT_BUNDLE_IDENTIFIER = "edu.berklee-aerralm.PS2-3";
				PRODUCT_NAME = "$(TARGET_NAME)";
				SWIFT_VERSION = 5.0;
				TARGETED_DEVICE_FAMILY = "1,2";
			};
			name = Release;
		};
/* End XCBuildConfiguration section */

/* Begin XCConfigurationList section */
		798B268A23E94CD0006B7CC4 /* Build configuration list for PBXProject "PS2.3" */ = {
			isa = XCConfigurationList;
			buildConfigurations = (
				798B26A123E94CD2006B7CC4 /* Debug */,
				798B26A223E94CD2006B7CC4 /* Release */,
			);
			defaultConfigurationIsVisible = 0;
			defaultConfigurationName = Release;
		};
		798B26A323E94CD2006B7CC4 /* Build configuration list for PBXNativeTarget "PS2.3" */ = {
			isa = XCConfigurationList;
			buildConfigurations = (
				798B26A423E94CD2006B7CC4 /* Debug */,
				798B26A523E94CD2006B7CC4 /* Release */,
			);
			defaultConfigurationIsVisible = 0;
			defaultConfigurationName = Release;
		};
/* End XCConfigurationList section */
	};
	rootObject = 798B268723E94CD0006B7CC4 /* Project object */;
}
